
Microsoft Visual Studio Solution File, Format Version 12.00
Project("{FAE04EC0-301F-11D3-BF4B-00C04F79EFBC}") = "ShoppingList.Backend", "ShoppingList.Backend\ShoppingList.Backend.csproj", "{D22810A9-4995-4FD4-8D95-C06D4E195BEB}"
EndProject
Global
	GlobalSection(SolutionConfigurationPlatforms) = preSolution
		Debug|Any CPU = Debug|Any CPU
		Release|Any CPU = Release|Any CPU
	EndGlobalSection
	GlobalSection(ProjectConfigurationPlatforms) = postSolution
		{D22810A9-4995-4FD4-8D95-C06D4E195BEB}.Debug|Any CPU.ActiveCfg = Debug|Any CPU
		{D22810A9-4995-4FD4-8D95-C06D4E195BEB}.Debug|Any CPU.Build.0 = Debug|Any CPU
		{D22810A9-4995-4FD4-8D95-C06D4E195BEB}.Release|Any CPU.ActiveCfg = Release|Any CPU
		{D22810A9-4995-4FD4-8D95-C06D4E195BEB}.Release|Any CPU.Build.0 = Release|Any CPU
	EndGlobalSection
EndGlobal
